// !$*UTF8*$!
{
	archiveVersion = 1;
	classes = {
	};
	objectVersion = 48;
	objects = {

/* Begin PBXBuildFile section */
		7F2B330E2088F42500AB3823 /* AppDelegate.swift in Sources */ = {isa = PBXBuildFile; fileRef = 7F2B330D2088F42500AB3823 /* AppDelegate.swift */; };
		7F2B33102088F42500AB3823 /* ViewController.swift in Sources */ = {isa = PBXBuildFile; fileRef = 7F2B330F2088F42500AB3823 /* ViewController.swift */; };
		7F2B33132088F42500AB3823 /* Main.storyboard in Resources */ = {isa = PBXBuildFile; fileRef = 7F2B33112088F42500AB3823 /* Main.storyboard */; };
		7F2B33152088F42500AB3823 /* Assets.xcassets in Resources */ = {isa = PBXBuildFile; fileRef = 7F2B33142088F42500AB3823 /* Assets.xcassets */; };
		7F2B33182088F42500AB3823 /* LaunchScreen.storyboard in Resources */ = {isa = PBXBuildFile; fileRef = 7F2B33162088F42500AB3823 /* LaunchScreen.storyboard */; };
		7F2B33232088F42500AB3823 /* HomebaseInterviewTests.swift in Sources */ = {isa = PBXBuildFile; fileRef = 7F2B33222088F42500AB3823 /* HomebaseInterviewTests.swift */; };
		7F2B332E2088F42500AB3823 /* HomebaseInterviewUITests.swift in Sources */ = {isa = PBXBuildFile; fileRef = 7F2B332D2088F42500AB3823 /* HomebaseInterviewUITests.swift */; };
/* End PBXBuildFile section */

/* Begin PBXContainerItemProxy section */
		7F2B331F2088F42500AB3823 /* PBXContainerItemProxy */ = {
			isa = PBXContainerItemProxy;
			containerPortal = 7F2B33022088F42500AB3823 /* Project object */;
			proxyType = 1;
			remoteGlobalIDString = 7F2B33092088F42500AB3823;
			remoteInfo = HomebaseInterview;
		};
		7F2B332A2088F42500AB3823 /* PBXContainerItemProxy */ = {
			isa = PBXContainerItemProxy;
			containerPortal = 7F2B33022088F42500AB3823 /* Project object */;
			proxyType = 1;
			remoteGlobalIDString = 7F2B33092088F42500AB3823;
			remoteInfo = HomebaseInterview;
		};
/* End PBXContainerItemProxy section */

/* Begin PBXFileReference section */
		7F2B330A2088F42500AB3823 /* HomebaseInterview.app */ = {isa = PBXFileReference; explicitFileType = wrapper.application; includeInIndex = 0; path = HomebaseInterview.app; sourceTree = BUILT_PRODUCTS_DIR; };
		7F2B330D2088F42500AB3823 /* AppDelegate.swift */ = {isa = PBXFileReference; lastKnownFileType = sourcecode.swift; path = AppDelegate.swift; sourceTree = "<group>"; };
		7F2B330F2088F42500AB3823 /* ViewController.swift */ = {isa = PBXFileReference; lastKnownFileType = sourcecode.swift; path = ViewController.swift; sourceTree = "<group>"; };
		7F2B33122088F42500AB3823 /* Base */ = {isa = PBXFileReference; lastKnownFileType = file.storyboard; name = Base; path = Base.lproj/Main.storyboard; sourceTree = "<group>"; };
		7F2B33142088F42500AB3823 /* Assets.xcassets */ = {isa = PBXFileReference; lastKnownFileType = folder.assetcatalog; path = Assets.xcassets; sourceTree = "<group>"; };
		7F2B33172088F42500AB3823 /* Base */ = {isa = PBXFileReference; lastKnownFileType = file.storyboard; name = Base; path = Base.lproj/LaunchScreen.storyboard; sourceTree = "<group>"; };
		7F2B33192088F42500AB3823 /* Info.plist */ = {isa = PBXFileReference; lastKnownFileType = text.plist.xml; path = Info.plist; sourceTree = "<group>"; };
		7F2B331E2088F42500AB3823 /* HomebaseInterviewTests.xctest */ = {isa = PBXFileReference; explicitFileType = wrapper.cfbundle; includeInIndex = 0; path = HomebaseInterviewTests.xctest; sourceTree = BUILT_PRODUCTS_DIR; };
		7F2B33222088F42500AB3823 /* HomebaseInterviewTests.swift */ = {isa = PBXFileReference; lastKnownFileType = sourcecode.swift; path = HomebaseInterviewTests.swift; sourceTree = "<group>"; };
		7F2B33242088F42500AB3823 /* Info.plist */ = {isa = PBXFileReference; lastKnownFileType = text.plist.xml; path = Info.plist; sourceTree = "<group>"; };
		7F2B33292088F42500AB3823 /* HomebaseInterviewUITests.xctest */ = {isa = PBXFileReference; explicitFileType = wrapper.cfbundle; includeInIndex = 0; path = HomebaseInterviewUITests.xctest; sourceTree = BUILT_PRODUCTS_DIR; };
		7F2B332D2088F42500AB3823 /* HomebaseInterviewUITests.swift */ = {isa = PBXFileReference; lastKnownFileType = sourcecode.swift; path = HomebaseInterviewUITests.swift; sourceTree = "<group>"; };
		7F2B332F2088F42500AB3823 /* Info.plist */ = {isa = PBXFileReference; lastKnownFileType = text.plist.xml; path = Info.plist; sourceTree = "<group>"; };
/* End PBXFileReference section */

/* Begin PBXFrameworksBuildPhase section */
		7F2B33072088F42500AB3823 /* Frameworks */ = {
			isa = PBXFrameworksBuildPhase;
			buildActionMask = 2147483647;
			files = (
			);
			runOnlyForDeploymentPostprocessing = 0;
		};
		7F2B331B2088F42500AB3823 /* Frameworks */ = {
			isa = PBXFrameworksBuildPhase;
			buildActionMask = 2147483647;
			files = (
			);
			runOnlyForDeploymentPostprocessing = 0;
		};
		7F2B33262088F42500AB3823 /* Frameworks */ = {
			isa = PBXFrameworksBuildPhase;
			buildActionMask = 2147483647;
			files = (
			);
			runOnlyForDeploymentPostprocessing = 0;
		};
/* End PBXFrameworksBuildPhase section */

/* Begin PBXGroup section */
		7F2B33012088F42500AB3823 = {
			isa = PBXGroup;
			children = (
				7F2B330C2088F42500AB3823 /* HomebaseInterview */,
				7F2B33212088F42500AB3823 /* HomebaseInterviewTests */,
				7F2B332C2088F42500AB3823 /* HomebaseInterviewUITests */,
				7F2B330B2088F42500AB3823 /* Products */,
			);
			sourceTree = "<group>";
		};
		7F2B330B2088F42500AB3823 /* Products */ = {
			isa = PBXGroup;
			children = (
				7F2B330A2088F42500AB3823 /* HomebaseInterview.app */,
				7F2B331E2088F42500AB3823 /* HomebaseInterviewTests.xctest */,
				7F2B33292088F42500AB3823 /* HomebaseInterviewUITests.xctest */,
			);
			name = Products;
			sourceTree = "<group>";
		};
		7F2B330C2088F42500AB3823 /* HomebaseInterview */ = {
			isa = PBXGroup;
			children = (
				7F2B330D2088F42500AB3823 /* AppDelegate.swift */,
				7F2B330F2088F42500AB3823 /* ViewController.swift */,
				7F2B33112088F42500AB3823 /* Main.storyboard */,
				7F2B33142088F42500AB3823 /* Assets.xcassets */,
				7F2B33162088F42500AB3823 /* LaunchScreen.storyboard */,
				7F2B33192088F42500AB3823 /* Info.plist */,
			);
			path = HomebaseInterview;
			sourceTree = "<group>";
		};
		7F2B33212088F42500AB3823 /* HomebaseInterviewTests */ = {
			isa = PBXGroup;
			children = (
				7F2B33222088F42500AB3823 /* HomebaseInterviewTests.swift */,
				7F2B33242088F42500AB3823 /* Info.plist */,
			);
			path = HomebaseInterviewTests;
			sourceTree = "<group>";
		};
		7F2B332C2088F42500AB3823 /* HomebaseInterviewUITests */ = {
			isa = PBXGroup;
			children = (
				7F2B332D2088F42500AB3823 /* HomebaseInterviewUITests.swift */,
				7F2B332F2088F42500AB3823 /* Info.plist */,
			);
			path = HomebaseInterviewUITests;
			sourceTree = "<group>";
		};
/* End PBXGroup section */

/* Begin PBXNativeTarget section */
		7F2B33092088F42500AB3823 /* HomebaseInterview */ = {
			isa = PBXNativeTarget;
			buildConfigurationList = 7F2B33322088F42500AB3823 /* Build configuration list for PBXNativeTarget "HomebaseInterview" */;
			buildPhases = (
				7F2B33062088F42500AB3823 /* Sources */,
				7F2B33072088F42500AB3823 /* Frameworks */,
				7F2B33082088F42500AB3823 /* Resources */,
			);
			buildRules = (
			);
			dependencies = (
			);
			name = HomebaseInterview;
			productName = HomebaseInterview;
			productReference = 7F2B330A2088F42500AB3823 /* HomebaseInterview.app */;
			productType = "com.apple.product-type.application";
		};
		7F2B331D2088F42500AB3823 /* HomebaseInterviewTests */ = {
			isa = PBXNativeTarget;
			buildConfigurationList = 7F2B33352088F42500AB3823 /* Build configuration list for PBXNativeTarget "HomebaseInterviewTests" */;
			buildPhases = (
				7F2B331A2088F42500AB3823 /* Sources */,
				7F2B331B2088F42500AB3823 /* Frameworks */,
				7F2B331C2088F42500AB3823 /* Resources */,
			);
			buildRules = (
			);
			dependencies = (
				7F2B33202088F42500AB3823 /* PBXTargetDependency */,
			);
			name = HomebaseInterviewTests;
			productName = HomebaseInterviewTests;
			productReference = 7F2B331E2088F42500AB3823 /* HomebaseInterviewTests.xctest */;
			productType = "com.apple.product-type.bundle.unit-test";
		};
		7F2B33282088F42500AB3823 /* HomebaseInterviewUITests */ = {
			isa = PBXNativeTarget;
			buildConfigurationList = 7F2B33382088F42500AB3823 /* Build configuration list for PBXNativeTarget "HomebaseInterviewUITests" */;
			buildPhases = (
				7F2B33252088F42500AB3823 /* Sources */,
				7F2B33262088F42500AB3823 /* Frameworks */,
				7F2B33272088F42500AB3823 /* Resources */,
			);
			buildRules = (
			);
			dependencies = (
				7F2B332B2088F42500AB3823 /* PBXTargetDependency */,
			);
			name = HomebaseInterviewUITests;
			productName = HomebaseInterviewUITests;
			productReference = 7F2B33292088F42500AB3823 /* HomebaseInterviewUITests.xctest */;
			productType = "com.apple.product-type.bundle.ui-testing";
		};
/* End PBXNativeTarget section */

/* Begin PBXProject section */
		7F2B33022088F42500AB3823 /* Project object */ = {
			isa = PBXProject;
			attributes = {
				LastSwiftUpdateCheck = 0920;
				LastUpgradeCheck = 0920;
				ORGANIZATIONNAME = "RW Software";
				TargetAttributes = {
					7F2B33092088F42500AB3823 = {
						CreatedOnToolsVersion = 9.2;
						ProvisioningStyle = Automatic;
					};
					7F2B331D2088F42500AB3823 = {
						CreatedOnToolsVersion = 9.2;
						ProvisioningStyle = Automatic;
						TestTargetID = 7F2B33092088F42500AB3823;
					};
					7F2B33282088F42500AB3823 = {
						CreatedOnToolsVersion = 9.2;
						ProvisioningStyle = Automatic;
						TestTargetID = 7F2B33092088F42500AB3823;
					};
				};
			};
			buildConfigurationList = 7F2B33052088F42500AB3823 /* Build configuration list for PBXProject "HomebaseInterview" */;
			compatibilityVersion = "Xcode 8.0";
			developmentRegion = en;
			hasScannedForEncodings = 0;
			knownRegions = (
				en,
				Base,
			);
			mainGroup = 7F2B33012088F42500AB3823;
			productRefGroup = 7F2B330B2088F42500AB3823 /* Products */;
			projectDirPath = "";
			projectRoot = "";
			targets = (
				7F2B33092088F42500AB3823 /* HomebaseInterview */,
				7F2B331D2088F42500AB3823 /* HomebaseInterviewTests */,
				7F2B33282088F42500AB3823 /* HomebaseInterviewUITests */,
			);
		};
/* End PBXProject section */

/* Begin PBXResourcesBuildPhase section */
		7F2B33082088F42500AB3823 /* Resources */ = {
			isa = PBXResourcesBuildPhase;
			buildActionMask = 2147483647;
			files = (
				7F2B33182088F42500AB3823 /* LaunchScreen.storyboard in Resources */,
				7F2B33152088F42500AB3823 /* Assets.xcassets in Resources */,
				7F2B33132088F42500AB3823 /* Main.storyboard in Resources */,
			);
			runOnlyForDeploymentPostprocessing = 0;
		};
		7F2B331C2088F42500AB3823 /* Resources */ = {
			isa = PBXResourcesBuildPhase;
			buildActionMask = 2147483647;
			files = (
			);
			runOnlyForDeploymentPostprocessing = 0;
		};
		7F2B33272088F42500AB3823 /* Resources */ = {
			isa = PBXResourcesBuildPhase;
			buildActionMask = 2147483647;
			files = (
			);
			runOnlyForDeploymentPostprocessing = 0;
		};
/* End PBXResourcesBuildPhase section */

/* Begin PBXSourcesBuildPhase section */
		7F2B33062088F42500AB3823 /* Sources */ = {
			isa = PBXSourcesBuildPhase;
			buildActionMask = 2147483647;
			files = (
				7F2B33102088F42500AB3823 /* ViewController.swift in Sources */,
				7F2B330E2088F42500AB3823 /* AppDelegate.swift in Sources */,
			);
			runOnlyForDeploymentPostprocessing = 0;
		};
		7F2B331A2088F42500AB3823 /* Sources */ = {
			isa = PBXSourcesBuildPhase;
			buildActionMask = 2147483647;
			files = (
				7F2B33232088F42500AB3823 /* HomebaseInterviewTests.swift in Sources */,
			);
			runOnlyForDeploymentPostprocessing = 0;
		};
		7F2B33252088F42500AB3823 /* Sources */ = {
			isa = PBXSourcesBuildPhase;
			buildActionMask = 2147483647;
			files = (
				7F2B332E2088F42500AB3823 /* HomebaseInterviewUITests.swift in Sources */,
			);
			runOnlyForDeploymentPostprocessing = 0;
		};
/* End PBXSourcesBuildPhase section */

/* Begin PBXTargetDependency section */
		7F2B33202088F42500AB3823 /* PBXTargetDependency */ = {
			isa = PBXTargetDependency;
			target = 7F2B33092088F42500AB3823 /* HomebaseInterview */;
			targetProxy = 7F2B331F2088F42500AB3823 /* PBXContainerItemProxy */;
		};
		7F2B332B2088F42500AB3823 /* PBXTargetDependency */ = {
			isa = PBXTargetDependency;
			target = 7F2B33092088F42500AB3823 /* HomebaseInterview */;
			targetProxy = 7F2B332A2088F42500AB3823 /* PBXContainerItemProxy */;
		};
/* End PBXTargetDependency section */

/* Begin PBXVariantGroup section */
		7F2B33112088F42500AB3823 /* Main.storyboard */ = {
			isa = PBXVariantGroup;
			children = (
				7F2B33122088F42500AB3823 /* Base */,
			);
			name = Main.storyboard;
			sourceTree = "<group>";
		};
		7F2B33162088F42500AB3823 /* LaunchScreen.storyboard */ = {
			isa = PBXVariantGroup;
			children = (
				7F2B33172088F42500AB3823 /* Base */,
			);
			name = LaunchScreen.storyboard;
			sourceTree = "<group>";
		};
/* End PBXVariantGroup section */

/* Begin XCBuildConfiguration section */
		7F2B33302088F42500AB3823 /* Debug */ = {
			isa = XCBuildConfiguration;
			buildSettings = {
				ALWAYS_SEARCH_USER_PATHS = NO;
				CLANG_ANALYZER_NONNULL = YES;
				CLANG_ANALYZER_NUMBER_OBJECT_CONVERSION = YES_AGGRESSIVE;
				CLANG_CXX_LANGUAGE_STANDARD = "gnu++14";
				CLANG_CXX_LIBRARY = "libc++";
				CLANG_ENABLE_MODULES = YES;
				CLANG_ENABLE_OBJC_ARC = YES;
				CLANG_WARN_BLOCK_CAPTURE_AUTORELEASING = YES;
				CLANG_WARN_BOOL_CONVERSION = YES;
				CLANG_WARN_COMMA = YES;
				CLANG_WARN_CONSTANT_CONVERSION = YES;
				CLANG_WARN_DIRECT_OBJC_ISA_USAGE = YES_ERROR;
				CLANG_WARN_DOCUMENTATION_COMMENTS = YES;
				CLANG_WARN_EMPTY_BODY = YES;
				CLANG_WARN_ENUM_CONVERSION = YES;
				CLANG_WARN_INFINITE_RECURSION = YES;
				CLANG_WARN_INT_CONVERSION = YES;
				CLANG_WARN_NON_LITERAL_NULL_CONVERSION = YES;
				CLANG_WARN_OBJC_LITERAL_CONVERSION = YES;
				CLANG_WARN_OBJC_ROOT_CLASS = YES_ERROR;
				CLANG_WARN_RANGE_LOOP_ANALYSIS = YES;
				CLANG_WARN_STRICT_PROTOTYPES = YES;
				CLANG_WARN_SUSPICIOUS_MOVE = YES;
				CLANG_WARN_UNGUARDED_AVAILABILITY = YES_AGGRESSIVE;
				CLANG_WARN_UNREACHABLE_CODE = YES;
				CLANG_WARN__DUPLICATE_METHOD_MATCH = YES;
				CODE_SIGN_IDENTITY = "iPhone Developer";
				COPY_PHASE_STRIP = NO;
				DEBUG_INFORMATION_FORMAT = dwarf;
				ENABLE_STRICT_OBJC_MSGSEND = YES;
				ENABLE_TESTABILITY = YES;
				GCC_C_LANGUAGE_STANDARD = gnu11;
				GCC_DYNAMIC_NO_PIC = NO;
				GCC_NO_COMMON_BLOCKS = YES;
				GCC_OPTIMIZATION_LEVEL = 0;
				GCC_PREPROCESSOR_DEFINITIONS = (
					"DEBUG=1",
					"$(inherited)",
				);
				GCC_WARN_64_TO_32_BIT_CONVERSION = YES;
				GCC_WARN_ABOUT_RETURN_TYPE = YES_ERROR;
				GCC_WARN_UNDECLARED_SELECTOR = YES;
				GCC_WARN_UNINITIALIZED_AUTOS = YES_AGGRESSIVE;
				GCC_WARN_UNUSED_FUNCTION = YES;
				GCC_WARN_UNUSED_VARIABLE = YES;
				IPHONEOS_DEPLOYMENT_TARGET = 11.2;
				MTL_ENABLE_DEBUG_INFO = YES;
				ONLY_ACTIVE_ARCH = YES;
				SDKROOT = iphoneos;
				SWIFT_ACTIVE_COMPILATION_CONDITIONS = DEBUG;
				SWIFT_OPTIMIZATION_LEVEL = "-Onone";
			};
			name = Debug;
		};
		7F2B33312088F42500AB3823 /* Release */ = {
			isa = XCBuildConfiguration;
			buildSettings = {
				ALWAYS_SEARCH_USER_PATHS = NO;
				CLANG_ANALYZER_NONNULL = YES;
				CLANG_ANALYZER_NUMBER_OBJECT_CONVERSION = YES_AGGRESSIVE;
				CLANG_CXX_LANGUAGE_STANDARD = "gnu++14";
				CLANG_CXX_LIBRARY = "libc++";
				CLANG_ENABLE_MODULES = YES;
				CLANG_ENABLE_OBJC_ARC = YES;
				CLANG_WARN_BLOCK_CAPTURE_AUTORELEASING = YES;
				CLANG_WARN_BOOL_CONVERSION = YES;
				CLANG_WARN_COMMA = YES;
				CLANG_WARN_CONSTANT_CONVERSION = YES;
				CLANG_WARN_DIRECT_OBJC_ISA_USAGE = YES_ERROR;
				CLANG_WARN_DOCUMENTATION_COMMENTS = YES;
				CLANG_WARN_EMPTY_BODY = YES;
				CLANG_WARN_ENUM_CONVERSION = YES;
				CLANG_WARN_INFINITE_RECURSION = YES;
				CLANG_WARN_INT_CONVERSION = YES;
				CLANG_WARN_NON_LITERAL_NULL_CONVERSION = YES;
				CLANG_WARN_OBJC_LITERAL_CONVERSION = YES;
				CLANG_WARN_OBJC_ROOT_CLASS = YES_ERROR;
				CLANG_WARN_RANGE_LOOP_ANALYSIS = YES;
				CLANG_WARN_STRICT_PROTOTYPES = YES;
				CLANG_WARN_SUSPICIOUS_MOVE = YES;
				CLANG_WARN_UNGUARDED_AVAILABILITY = YES_AGGRESSIVE;
				CLANG_WARN_UNREACHABLE_CODE = YES;
				CLANG_WARN__DUPLICATE_METHOD_MATCH = YES;
				CODE_SIGN_IDENTITY = "iPhone Developer";
				COPY_PHASE_STRIP = NO;
				DEBUG_INFORMATION_FORMAT = "dwarf-with-dsym";
				ENABLE_NS_ASSERTIONS = NO;
				ENABLE_STRICT_OBJC_MSGSEND = YES;
				GCC_C_LANGUAGE_STANDARD = gnu11;
				GCC_NO_COMMON_BLOCKS = YES;
				GCC_WARN_64_TO_32_BIT_CONVERSION = YES;
				GCC_WARN_ABOUT_RETURN_TYPE = YES_ERROR;
				GCC_WARN_UNDECLARED_SELECTOR = YES;
				GCC_WARN_UNINITIALIZED_AUTOS = YES_AGGRESSIVE;
				GCC_WARN_UNUSED_FUNCTION = YES;
				GCC_WARN_UNUSED_VARIABLE = YES;
				IPHONEOS_DEPLOYMENT_TARGET = 11.2;
				MTL_ENABLE_DEBUG_INFO = NO;
				SDKROOT = iphoneos;
				SWIFT_OPTIMIZATION_LEVEL = "-Owholemodule";
				VALIDATE_PRODUCT = YES;
			};
			name = Release;
		};
		7F2B33332088F42500AB3823 /* Debug */ = {
			isa = XCBuildConfiguration;
			buildSettings = {
				ASSETCATALOG_COMPILER_APPICON_NAME = AppIcon;
				CODE_SIGN_STYLE = Automatic;
				DEVELOPMENT_TEAM = NQRKAAHYPQ;
				INFOPLIST_FILE = HomebaseInterview/Info.plist;
				LD_RUNPATH_SEARCH_PATHS = "$(inherited) @executable_path/Frameworks";
				PRODUCT_BUNDLE_IDENTIFIER = RW.HomebaseInterview;
				PRODUCT_NAME = "$(TARGET_NAME)";
				SWIFT_VERSION = 4.0;
				TARGETED_DEVICE_FAMILY = "1,2";
			};
			name = Debug;
		};
		7F2B33342088F42500AB3823 /* Release */ = {
			isa = XCBuildConfiguration;
			buildSettings = {
				ASSETCATALOG_COMPILER_APPICON_NAME = AppIcon;
				CODE_SIGN_STYLE = Automatic;
				DEVELOPMENT_TEAM = NQRKAAHYPQ;
				INFOPLIST_FILE = HomebaseInterview/Info.plist;
				LD_RUNPATH_SEARCH_PATHS = "$(inherited) @executable_path/Frameworks";
				PRODUCT_BUNDLE_IDENTIFIER = RW.HomebaseInterview;
				PRODUCT_NAME = "$(TARGET_NAME)";
				SWIFT_VERSION = 4.0;
				TARGETED_DEVICE_FAMILY = "1,2";
			};
			name = Release;
		};
		7F2B33362088F42500AB3823 /* Debug */ = {
			isa = XCBuildConfiguration;
			buildSettings = {
				ALWAYS_EMBED_SWIFT_STANDARD_LIBRARIES = YES;
				BUNDLE_LOADER = "$(TEST_HOST)";
				CODE_SIGN_STYLE = Automatic;
				DEVELOPMENT_TEAM = NQRKAAHYPQ;
				INFOPLIST_FILE = HomebaseInterviewTests/Info.plist;
				LD_RUNPATH_SEARCH_PATHS = "$(inherited) @executable_path/Frameworks @loader_path/Frameworks";
				PRODUCT_BUNDLE_IDENTIFIER = RW.HomebaseInterviewTests;
				PRODUCT_NAME = "$(TARGET_NAME)";
				SWIFT_VERSION = 4.0;
				TARGETED_DEVICE_FAMILY = "1,2";
				TEST_HOST = "$(BUILT_PRODUCTS_DIR)/HomebaseInterview.app/HomebaseInterview";
			};
			name = Debug;
		};
		7F2B33372088F42500AB3823 /* Release */ = {
			isa = XCBuildConfiguration;
			buildSettings = {
				ALWAYS_EMBED_SWIFT_STANDARD_LIBRARIES = YES;
				BUNDLE_LOADER = "$(TEST_HOST)";
				CODE_SIGN_STYLE = Automatic;
				DEVELOPMENT_TEAM = NQRKAAHYPQ;
				INFOPLIST_FILE = HomebaseInterviewTests/Info.plist;
				LD_RUNPATH_SEARCH_PATHS = "$(inherited) @executable_path/Frameworks @loader_path/Frameworks";
				PRODUCT_BUNDLE_IDENTIFIER = RW.HomebaseInterviewTests;
				PRODUCT_NAME = "$(TARGET_NAME)";
				SWIFT_VERSION = 4.0;
				TARGETED_DEVICE_FAMILY = "1,2";
				TEST_HOST = "$(BUILT_PRODUCTS_DIR)/HomebaseInterview.app/HomebaseInterview";
			};
			name = Release;
		};
		7F2B33392088F42500AB3823 /* Debug */ = {
			isa = XCBuildConfiguration;
			buildSettings = {
				ALWAYS_EMBED_SWIFT_STANDARD_LIBRARIES = YES;
				CODE_SIGN_STYLE = Automatic;
				DEVELOPMENT_TEAM = NQRKAAHYPQ;
				INFOPLIST_FILE = HomebaseInterviewUITests/Info.plist;
				LD_RUNPATH_SEARCH_PATHS = "$(inherited) @executable_path/Frameworks @loader_path/Frameworks";
				PRODUCT_BUNDLE_IDENTIFIER = RW.HomebaseInterviewUITests;
				PRODUCT_NAME = "$(TARGET_NAME)";
				SWIFT_VERSION = 4.0;
				TARGETED_DEVICE_FAMILY = "1,2";
				TEST_TARGET_NAME = HomebaseInterview;
			};
			name = Debug;
		};
		7F2B333A2088F42500AB3823 /* Release */ = {
			isa = XCBuildConfiguration;
			buildSettings = {
				ALWAYS_EMBED_SWIFT_STANDARD_LIBRARIES = YES;
				CODE_SIGN_STYLE = Automatic;
				DEVELOPMENT_TEAM = NQRKAAHYPQ;
				INFOPLIST_FILE = HomebaseInterviewUITests/Info.plist;
				LD_RUNPATH_SEARCH_PATHS = "$(inherited) @executable_path/Frameworks @loader_path/Frameworks";
				PRODUCT_BUNDLE_IDENTIFIER = RW.HomebaseInterviewUITests;
				PRODUCT_NAME = "$(TARGET_NAME)";
				SWIFT_VERSION = 4.0;
				TARGETED_DEVICE_FAMILY = "1,2";
				TEST_TARGET_NAME = HomebaseInterview;
			};
			name = Release;
		};
/* End XCBuildConfiguration section */

/* Begin XCConfigurationList section */
		7F2B33052088F42500AB3823 /* Build configuration list for PBXProject "HomebaseInterview" */ = {
			isa = XCConfigurationList;
			buildConfigurations = (
				7F2B33302088F42500AB3823 /* Debug */,
				7F2B33312088F42500AB3823 /* Release */,
			);
			defaultConfigurationIsVisible = 0;
			defaultConfigurationName = Release;
		};
		7F2B33322088F42500AB3823 /* Build configuration list for PBXNativeTarget "HomebaseInterview" */ = {
			isa = XCConfigurationList;
			buildConfigurations = (
				7F2B33332088F42500AB3823 /* Debug */,
				7F2B33342088F42500AB3823 /* Release */,
			);
			defaultConfigurationIsVisible = 0;
			defaultConfigurationName = Release;
		};
		7F2B33352088F42500AB3823 /* Build configuration list for PBXNativeTarget "HomebaseInterviewTests" */ = {
			isa = XCConfigurationList;
			buildConfigurations = (
				7F2B33362088F42500AB3823 /* Debug */,
				7F2B33372088F42500AB3823 /* Release */,
			);
			defaultConfigurationIsVisible = 0;
			defaultConfigurationName = Release;
		};
		7F2B33382088F42500AB3823 /* Build configuration list for PBXNativeTarget "HomebaseInterviewUITests" */ = {
			isa = XCConfigurationList;
			buildConfigurations = (
				7F2B33392088F42500AB3823 /* Debug */,
				7F2B333A2088F42500AB3823 /* Release */,
			);
			defaultConfigurationIsVisible = 0;
			defaultConfigurationName = Release;
		};
/* End XCConfigurationList section */
	};
	rootObject = 7F2B33022088F42500AB3823 /* Project object */;
}
